
Microsoft Visual Studio Solution File, Format Version 12.00
# Visual Studio Version 16
VisualStudioVersion = 16.0.31729.503
MinimumVisualStudioVersion = 10.0.40219.1
Project("{FAE04EC0-301F-11D3-BF4B-00C04F79EFBC}") = "PR45_2019_Dejan_Kurdulija", "PR45_2019_Dejan_Kurdulija\PR45_2019_Dejan_Kurdulija.csproj", "{82C42039-4D92-4128-B258-56B37472D223}"
EndProject
Project("{FAE04EC0-301F-11D3-BF4B-00C04F79EFBC}") = "Classes", "Classes\Classes.csproj", "{E6346239-9520-4C69-A945-4ED0AFEDA7A1}"
EndProject
Global
	GlobalSection(SolutionConfigurationPlatforms) = preSolution
		Debug|Any CPU = Debug|Any CPU
		Release|Any CPU = Release|Any CPU
	EndGlobalSection
	GlobalSection(ProjectConfigurationPlatforms) = postSolution
		{82C42039-4D92-4128-B258-56B37472D223}.Debug|Any CPU.ActiveCfg = Debug|Any CPU
		{82C42039-4D92-4128-B258-56B37472D223}.Debug|Any CPU.Build.0 = Debug|Any CPU
		{82C42039-4D92-4128-B258-56B37472D223}.Release|Any CPU.ActiveCfg = Release|Any CPU
		{82C42039-4D92-4128-B258-56B37472D223}.Release|Any CPU.Build.0 = Release|Any CPU
		{E6346239-9520-4C69-A945-4ED0AFEDA7A1}.Debug|Any CPU.ActiveCfg = Debug|Any CPU
		{E6346239-9520-4C69-A945-4ED0AFEDA7A1}.Debug|Any CPU.Build.0 = Debug|Any CPU
		{E6346239-9520-4C69-A945-4ED0AFEDA7A1}.Release|Any CPU.ActiveCfg = Release|Any CPU
		{E6346239-9520-4C69-A945-4ED0AFEDA7A1}.Release|Any CPU.Build.0 = Release|Any CPU
	EndGlobalSection
	GlobalSection(SolutionProperties) = preSolution
		HideSolutionNode = FALSE
	EndGlobalSection
	GlobalSection(ExtensibilityGlobals) = postSolution
		SolutionGuid = {52F6D32E-3DE7-4B9A-B211-C247C93444B5}
	EndGlobalSection
EndGlobal
